// !$*UTF8*$!
{
	archiveVersion = 1;
	classes = {
	};
	objectVersion = 46;
	objects = {

/* Begin PBXBuildFile section */
		901600A319680C3900F1D6E6 /* Foundation.framework in Frameworks */ = {isa = PBXBuildFile; fileRef = 901600A219680C3900F1D6E6 /* Foundation.framework */; };
		901600A519680C3900F1D6E6 /* CoreGraphics.framework in Frameworks */ = {isa = PBXBuildFile; fileRef = 901600A419680C3900F1D6E6 /* CoreGraphics.framework */; };
		901600A719680C3900F1D6E6 /* UIKit.framework in Frameworks */ = {isa = PBXBuildFile; fileRef = 901600A619680C3900F1D6E6 /* UIKit.framework */; };
		901600AD19680C3900F1D6E6 /* InfoPlist.strings in Resources */ = {isa = PBXBuildFile; fileRef = 901600AB19680C3900F1D6E6 /* InfoPlist.strings */; };
		901600AF19680C3900F1D6E6 /* main.m in Sources */ = {isa = PBXBuildFile; fileRef = 901600AE19680C3900F1D6E6 /* main.m */; };
		901600B319680C3900F1D6E6 /* AppDelegate.m in Sources */ = {isa = PBXBuildFile; fileRef = 901600B219680C3900F1D6E6 /* AppDelegate.m */; };
		901600B619680C3900F1D6E6 /* Main_iPhone.storyboard in Resources */ = {isa = PBXBuildFile; fileRef = 901600B419680C3900F1D6E6 /* Main_iPhone.storyboard */; };
		901600B919680C3900F1D6E6 /* Main_iPad.storyboard in Resources */ = {isa = PBXBuildFile; fileRef = 901600B719680C3900F1D6E6 /* Main_iPad.storyboard */; };
		901600BC19680C3900F1D6E6 /* ViewController.m in Sources */ = {isa = PBXBuildFile; fileRef = 901600BB19680C3900F1D6E6 /* ViewController.m */; };
		901600BE19680C3900F1D6E6 /* Images.xcassets in Resources */ = {isa = PBXBuildFile; fileRef = 901600BD19680C3900F1D6E6 /* Images.xcassets */; };
		901600C519680C3900F1D6E6 /* XCTest.framework in Frameworks */ = {isa = PBXBuildFile; fileRef = 901600C419680C3900F1D6E6 /* XCTest.framework */; };
		901600C619680C3900F1D6E6 /* Foundation.framework in Frameworks */ = {isa = PBXBuildFile; fileRef = 901600A219680C3900F1D6E6 /* Foundation.framework */; };
		901600C719680C3900F1D6E6 /* UIKit.framework in Frameworks */ = {isa = PBXBuildFile; fileRef = 901600A619680C3900F1D6E6 /* UIKit.framework */; };
		901600CF19680C3900F1D6E6 /* InfoPlist.strings in Resources */ = {isa = PBXBuildFile; fileRef = 901600CD19680C3900F1D6E6 /* InfoPlist.strings */; };
		901600D119680C3900F1D6E6 /* RGLoggerTests.m in Sources */ = {isa = PBXBuildFile; fileRef = 901600D019680C3900F1D6E6 /* RGLoggerTests.m */; };
/* End PBXBuildFile section */

/* Begin PBXContainerItemProxy section */
		901600C819680C3900F1D6E6 /* PBXContainerItemProxy */ = {
			isa = PBXContainerItemProxy;
			containerPortal = 9016009719680C3900F1D6E6 /* Project object */;
			proxyType = 1;
			remoteGlobalIDString = 9016009E19680C3900F1D6E6;
			remoteInfo = RGLogger;
		};
/* End PBXContainerItemProxy section */

/* Begin PBXFileReference section */
		9016009F19680C3900F1D6E6 /* RGLogger.app */ = {isa = PBXFileReference; explicitFileType = wrapper.application; includeInIndex = 0; path = RGLogger.app; sourceTree = BUILT_PRODUCTS_DIR; };
		901600A219680C3900F1D6E6 /* Foundation.framework */ = {isa = PBXFileReference; lastKnownFileType = wrapper.framework; name = Foundation.framework; path = System/Library/Frameworks/Foundation.framework; sourceTree = SDKROOT; };
		901600A419680C3900F1D6E6 /* CoreGraphics.framework */ = {isa = PBXFileReference; lastKnownFileType = wrapper.framework; name = CoreGraphics.framework; path = System/Library/Frameworks/CoreGraphics.framework; sourceTree = SDKROOT; };
		901600A619680C3900F1D6E6 /* UIKit.framework */ = {isa = PBXFileReference; lastKnownFileType = wrapper.framework; name = UIKit.framework; path = System/Library/Frameworks/UIKit.framework; sourceTree = SDKROOT; };
		901600AA19680C3900F1D6E6 /* RGLogger-Info.plist */ = {isa = PBXFileReference; lastKnownFileType = text.plist.xml; path = "RGLogger-Info.plist"; sourceTree = "<group>"; };
		901600AC19680C3900F1D6E6 /* en */ = {isa = PBXFileReference; lastKnownFileType = text.plist.strings; name = en; path = en.lproj/InfoPlist.strings; sourceTree = "<group>"; };
		901600AE19680C3900F1D6E6 /* main.m */ = {isa = PBXFileReference; lastKnownFileType = sourcecode.c.objc; path = main.m; sourceTree = "<group>"; };
		901600B019680C3900F1D6E6 /* RGLogger-Prefix.pch */ = {isa = PBXFileReference; lastKnownFileType = sourcecode.c.h; path = "RGLogger-Prefix.pch"; sourceTree = "<group>"; };
		901600B119680C3900F1D6E6 /* AppDelegate.h */ = {isa = PBXFileReference; lastKnownFileType = sourcecode.c.h; path = AppDelegate.h; sourceTree = "<group>"; };
		901600B219680C3900F1D6E6 /* AppDelegate.m */ = {isa = PBXFileReference; lastKnownFileType = sourcecode.c.objc; path = AppDelegate.m; sourceTree = "<group>"; };
		901600B519680C3900F1D6E6 /* Base */ = {isa = PBXFileReference; lastKnownFileType = file.storyboard; name = Base; path = Base.lproj/Main_iPhone.storyboard; sourceTree = "<group>"; };
		901600B819680C3900F1D6E6 /* Base */ = {isa = PBXFileReference; lastKnownFileType = file.storyboard; name = Base; path = Base.lproj/Main_iPad.storyboard; sourceTree = "<group>"; };
		901600BA19680C3900F1D6E6 /* ViewController.h */ = {isa = PBXFileReference; lastKnownFileType = sourcecode.c.h; path = ViewController.h; sourceTree = "<group>"; };
		901600BB19680C3900F1D6E6 /* ViewController.m */ = {isa = PBXFileReference; lastKnownFileType = sourcecode.c.objc; path = ViewController.m; sourceTree = "<group>"; };
		901600BD19680C3900F1D6E6 /* Images.xcassets */ = {isa = PBXFileReference; lastKnownFileType = folder.assetcatalog; path = Images.xcassets; sourceTree = "<group>"; };
		901600C319680C3900F1D6E6 /* RGLoggerTests.xctest */ = {isa = PBXFileReference; explicitFileType = wrapper.cfbundle; includeInIndex = 0; path = RGLoggerTests.xctest; sourceTree = BUILT_PRODUCTS_DIR; };
		901600C419680C3900F1D6E6 /* XCTest.framework */ = {isa = PBXFileReference; lastKnownFileType = wrapper.framework; name = XCTest.framework; path = Library/Frameworks/XCTest.framework; sourceTree = DEVELOPER_DIR; };
		901600CC19680C3900F1D6E6 /* RGLoggerTests-Info.plist */ = {isa = PBXFileReference; lastKnownFileType = text.plist.xml; path = "RGLoggerTests-Info.plist"; sourceTree = "<group>"; };
		901600CE19680C3900F1D6E6 /* en */ = {isa = PBXFileReference; lastKnownFileType = text.plist.strings; name = en; path = en.lproj/InfoPlist.strings; sourceTree = "<group>"; };
		901600D019680C3900F1D6E6 /* RGLoggerTests.m */ = {isa = PBXFileReference; lastKnownFileType = sourcecode.c.objc; path = RGLoggerTests.m; sourceTree = "<group>"; };
		901600DC19680DD700F1D6E6 /* RGLogger.h */ = {isa = PBXFileReference; fileEncoding = 4; lastKnownFileType = sourcecode.c.h; path = RGLogger.h; sourceTree = "<group>"; };
/* End PBXFileReference section */

/* Begin PBXFrameworksBuildPhase section */
		9016009C19680C3900F1D6E6 /* Frameworks */ = {
			isa = PBXFrameworksBuildPhase;
			buildActionMask = 2147483647;
			files = (
				901600A519680C3900F1D6E6 /* CoreGraphics.framework in Frameworks */,
				901600A719680C3900F1D6E6 /* UIKit.framework in Frameworks */,
				901600A319680C3900F1D6E6 /* Foundation.framework in Frameworks */,
			);
			runOnlyForDeploymentPostprocessing = 0;
		};
		901600C019680C3900F1D6E6 /* Frameworks */ = {
			isa = PBXFrameworksBuildPhase;
			buildActionMask = 2147483647;
			files = (
				901600C519680C3900F1D6E6 /* XCTest.framework in Frameworks */,
				901600C719680C3900F1D6E6 /* UIKit.framework in Frameworks */,
				901600C619680C3900F1D6E6 /* Foundation.framework in Frameworks */,
			);
			runOnlyForDeploymentPostprocessing = 0;
		};
/* End PBXFrameworksBuildPhase section */

/* Begin PBXGroup section */
		9016009619680C3900F1D6E6 = {
			isa = PBXGroup;
			children = (
				901600A819680C3900F1D6E6 /* RGLogger */,
				901600CA19680C3900F1D6E6 /* RGLoggerTests */,
				901600A119680C3900F1D6E6 /* Frameworks */,
				901600A019680C3900F1D6E6 /* Products */,
			);
			sourceTree = "<group>";
		};
		901600A019680C3900F1D6E6 /* Products */ = {
			isa = PBXGroup;
			children = (
				9016009F19680C3900F1D6E6 /* RGLogger.app */,
				901600C319680C3900F1D6E6 /* RGLoggerTests.xctest */,
			);
			name = Products;
			sourceTree = "<group>";
		};
		901600A119680C3900F1D6E6 /* Frameworks */ = {
			isa = PBXGroup;
			children = (
				901600A219680C3900F1D6E6 /* Foundation.framework */,
				901600A419680C3900F1D6E6 /* CoreGraphics.framework */,
				901600A619680C3900F1D6E6 /* UIKit.framework */,
				901600C419680C3900F1D6E6 /* XCTest.framework */,
			);
			name = Frameworks;
			sourceTree = "<group>";
		};
		901600A819680C3900F1D6E6 /* RGLogger */ = {
			isa = PBXGroup;
			children = (
				901600DB19680DD700F1D6E6 /* RGLoggerHeader */,
				901600B119680C3900F1D6E6 /* AppDelegate.h */,
				901600B219680C3900F1D6E6 /* AppDelegate.m */,
				901600B419680C3900F1D6E6 /* Main_iPhone.storyboard */,
				901600B719680C3900F1D6E6 /* Main_iPad.storyboard */,
				901600BA19680C3900F1D6E6 /* ViewController.h */,
				901600BB19680C3900F1D6E6 /* ViewController.m */,
				901600BD19680C3900F1D6E6 /* Images.xcassets */,
				901600A919680C3900F1D6E6 /* Supporting Files */,
			);
			path = RGLogger;
			sourceTree = "<group>";
		};
		901600A919680C3900F1D6E6 /* Supporting Files */ = {
			isa = PBXGroup;
			children = (
				901600AA19680C3900F1D6E6 /* RGLogger-Info.plist */,
				901600AB19680C3900F1D6E6 /* InfoPlist.strings */,
				901600AE19680C3900F1D6E6 /* main.m */,
				901600B019680C3900F1D6E6 /* RGLogger-Prefix.pch */,
			);
			name = "Supporting Files";
			sourceTree = "<group>";
		};
		901600CA19680C3900F1D6E6 /* RGLoggerTests */ = {
			isa = PBXGroup;
			children = (
				901600D019680C3900F1D6E6 /* RGLoggerTests.m */,
				901600CB19680C3900F1D6E6 /* Supporting Files */,
			);
			path = RGLoggerTests;
			sourceTree = "<group>";
		};
		901600CB19680C3900F1D6E6 /* Supporting Files */ = {
			isa = PBXGroup;
			children = (
				901600CC19680C3900F1D6E6 /* RGLoggerTests-Info.plist */,
				901600CD19680C3900F1D6E6 /* InfoPlist.strings */,
			);
			name = "Supporting Files";
			sourceTree = "<group>";
		};
		901600DB19680DD700F1D6E6 /* RGLoggerHeader */ = {
			isa = PBXGroup;
			children = (
				901600DC19680DD700F1D6E6 /* RGLogger.h */,
			);
			path = RGLoggerHeader;
			sourceTree = "<group>";
		};
/* End PBXGroup section */

/* Begin PBXNativeTarget section */
		9016009E19680C3900F1D6E6 /* RGLogger */ = {
			isa = PBXNativeTarget;
			buildConfigurationList = 901600D419680C3900F1D6E6 /* Build configuration list for PBXNativeTarget "RGLogger" */;
			buildPhases = (
				9016009B19680C3900F1D6E6 /* Sources */,
				9016009C19680C3900F1D6E6 /* Frameworks */,
				9016009D19680C3900F1D6E6 /* Resources */,
			);
			buildRules = (
			);
			dependencies = (
			);
			name = RGLogger;
			productName = RGLogger;
			productReference = 9016009F19680C3900F1D6E6 /* RGLogger.app */;
			productType = "com.apple.product-type.application";
		};
		901600C219680C3900F1D6E6 /* RGLoggerTests */ = {
			isa = PBXNativeTarget;
			buildConfigurationList = 901600D719680C3900F1D6E6 /* Build configuration list for PBXNativeTarget "RGLoggerTests" */;
			buildPhases = (
				901600BF19680C3900F1D6E6 /* Sources */,
				901600C019680C3900F1D6E6 /* Frameworks */,
				901600C119680C3900F1D6E6 /* Resources */,
			);
			buildRules = (
			);
			dependencies = (
				901600C919680C3900F1D6E6 /* PBXTargetDependency */,
			);
			name = RGLoggerTests;
			productName = RGLoggerTests;
			productReference = 901600C319680C3900F1D6E6 /* RGLoggerTests.xctest */;
			productType = "com.apple.product-type.bundle.unit-test";
		};
/* End PBXNativeTarget section */

/* Begin PBXProject section */
		9016009719680C3900F1D6E6 /* Project object */ = {
			isa = PBXProject;
			attributes = {
				LastUpgradeCheck = 0510;
				ORGANIZATIONNAME = "RG DEVELOPMENT";
				TargetAttributes = {
					901600C219680C3900F1D6E6 = {
						TestTargetID = 9016009E19680C3900F1D6E6;
					};
				};
			};
			buildConfigurationList = 9016009A19680C3900F1D6E6 /* Build configuration list for PBXProject "RGLogger" */;
			compatibilityVersion = "Xcode 3.2";
			developmentRegion = English;
			hasScannedForEncodings = 0;
			knownRegions = (
				en,
				Base,
			);
			mainGroup = 9016009619680C3900F1D6E6;
			productRefGroup = 901600A019680C3900F1D6E6 /* Products */;
			projectDirPath = "";
			projectRoot = "";
			targets = (
				9016009E19680C3900F1D6E6 /* RGLogger */,
				901600C219680C3900F1D6E6 /* RGLoggerTests */,
			);
		};
/* End PBXProject section */

/* Begin PBXResourcesBuildPhase section */
		9016009D19680C3900F1D6E6 /* Resources */ = {
			isa = PBXResourcesBuildPhase;
			buildActionMask = 2147483647;
			files = (
				901600B919680C3900F1D6E6 /* Main_iPad.storyboard in Resources */,
				901600BE19680C3900F1D6E6 /* Images.xcassets in Resources */,
				901600B619680C3900F1D6E6 /* Main_iPhone.storyboard in Resources */,
				901600AD19680C3900F1D6E6 /* InfoPlist.strings in Resources */,
			);
			runOnlyForDeploymentPostprocessing = 0;
		};
		901600C119680C3900F1D6E6 /* Resources */ = {
			isa = PBXResourcesBuildPhase;
			buildActionMask = 2147483647;
			files = (
				901600CF19680C3900F1D6E6 /* InfoPlist.strings in Resources */,
			);
			runOnlyForDeploymentPostprocessing = 0;
		};
/* End PBXResourcesBuildPhase section */

/* Begin PBXSourcesBuildPhase section */
		9016009B19680C3900F1D6E6 /* Sources */ = {
			isa = PBXSourcesBuildPhase;
			buildActionMask = 2147483647;
			files = (
				901600BC19680C3900F1D6E6 /* ViewController.m in Sources */,
				901600B319680C3900F1D6E6 /* AppDelegate.m in Sources */,
				901600AF19680C3900F1D6E6 /* main.m in Sources */,
			);
			runOnlyForDeploymentPostprocessing = 0;
		};
		901600BF19680C3900F1D6E6 /* Sources */ = {
			isa = PBXSourcesBuildPhase;
			buildActionMask = 2147483647;
			files = (
				901600D119680C3900F1D6E6 /* RGLoggerTests.m in Sources */,
			);
			runOnlyForDeploymentPostprocessing = 0;
		};
/* End PBXSourcesBuildPhase section */

/* Begin PBXTargetDependency section */
		901600C919680C3900F1D6E6 /* PBXTargetDependency */ = {
			isa = PBXTargetDependency;
			target = 9016009E19680C3900F1D6E6 /* RGLogger */;
			targetProxy = 901600C819680C3900F1D6E6 /* PBXContainerItemProxy */;
		};
/* End PBXTargetDependency section */

/* Begin PBXVariantGroup section */
		901600AB19680C3900F1D6E6 /* InfoPlist.strings */ = {
			isa = PBXVariantGroup;
			children = (
				901600AC19680C3900F1D6E6 /* en */,
			);
			name = InfoPlist.strings;
			sourceTree = "<group>";
		};
		901600B419680C3900F1D6E6 /* Main_iPhone.storyboard */ = {
			isa = PBXVariantGroup;
			children = (
				901600B519680C3900F1D6E6 /* Base */,
			);
			name = Main_iPhone.storyboard;
			sourceTree = "<group>";
		};
		901600B719680C3900F1D6E6 /* Main_iPad.storyboard */ = {
			isa = PBXVariantGroup;
			children = (
				901600B819680C3900F1D6E6 /* Base */,
			);
			name = Main_iPad.storyboard;
			sourceTree = "<group>";
		};
		901600CD19680C3900F1D6E6 /* InfoPlist.strings */ = {
			isa = PBXVariantGroup;
			children = (
				901600CE19680C3900F1D6E6 /* en */,
			);
			name = InfoPlist.strings;
			sourceTree = "<group>";
		};
/* End PBXVariantGroup section */

/* Begin XCBuildConfiguration section */
		901600D219680C3900F1D6E6 /* Debug */ = {
			isa = XCBuildConfiguration;
			buildSettings = {
				ALWAYS_SEARCH_USER_PATHS = NO;
				CLANG_CXX_LANGUAGE_STANDARD = "gnu++0x";
				CLANG_CXX_LIBRARY = "libc++";
				CLANG_ENABLE_MODULES = YES;
				CLANG_ENABLE_OBJC_ARC = YES;
				CLANG_WARN_BOOL_CONVERSION = YES;
				CLANG_WARN_CONSTANT_CONVERSION = YES;
				CLANG_WARN_DIRECT_OBJC_ISA_USAGE = YES_ERROR;
				CLANG_WARN_EMPTY_BODY = YES;
				CLANG_WARN_ENUM_CONVERSION = YES;
				CLANG_WARN_INT_CONVERSION = YES;
				CLANG_WARN_OBJC_ROOT_CLASS = YES_ERROR;
				CLANG_WARN__DUPLICATE_METHOD_MATCH = YES;
				"CODE_SIGN_IDENTITY[sdk=iphoneos*]" = "iPhone Developer";
				COPY_PHASE_STRIP = NO;
				GCC_C_LANGUAGE_STANDARD = gnu99;
				GCC_DYNAMIC_NO_PIC = NO;
				GCC_OPTIMIZATION_LEVEL = 0;
				GCC_PREPROCESSOR_DEFINITIONS = (
					"DEBUG=1",
					"$(inherited)",
				);
				GCC_SYMBOLS_PRIVATE_EXTERN = NO;
				GCC_WARN_64_TO_32_BIT_CONVERSION = YES;
				GCC_WARN_ABOUT_RETURN_TYPE = YES_ERROR;
				GCC_WARN_UNDECLARED_SELECTOR = YES;
				GCC_WARN_UNINITIALIZED_AUTOS = YES_AGGRESSIVE;
				GCC_WARN_UNUSED_FUNCTION = YES;
				GCC_WARN_UNUSED_VARIABLE = YES;
				IPHONEOS_DEPLOYMENT_TARGET = 7.1;
				ONLY_ACTIVE_ARCH = YES;
				SDKROOT = iphoneos;
				TARGETED_DEVICE_FAMILY = "1,2";
			};
			name = Debug;
		};
		901600D319680C3900F1D6E6 /* Release */ = {
			isa = XCBuildConfiguration;
			buildSettings = {
				ALWAYS_SEARCH_USER_PATHS = NO;
				CLANG_CXX_LANGUAGE_STANDARD = "gnu++0x";
				CLANG_CXX_LIBRARY = "libc++";
				CLANG_ENABLE_MODULES = YES;
				CLANG_ENABLE_OBJC_ARC = YES;
				CLANG_WARN_BOOL_CONVERSION = YES;
				CLANG_WARN_CONSTANT_CONVERSION = YES;
				CLANG_WARN_DIRECT_OBJC_ISA_USAGE = YES_ERROR;
				CLANG_WARN_EMPTY_BODY = YES;
				CLANG_WARN_ENUM_CONVERSION = YES;
				CLANG_WARN_INT_CONVERSION = YES;
				CLANG_WARN_OBJC_ROOT_CLASS = YES_ERROR;
				CLANG_WARN__DUPLICATE_METHOD_MATCH = YES;
				"CODE_SIGN_IDENTITY[sdk=iphoneos*]" = "iPhone Developer";
				COPY_PHASE_STRIP = YES;
				ENABLE_NS_ASSERTIONS = NO;
				GCC_C_LANGUAGE_STANDARD = gnu99;
				GCC_WARN_64_TO_32_BIT_CONVERSION = YES;
				GCC_WARN_ABOUT_RETURN_TYPE = YES_ERROR;
				GCC_WARN_UNDECLARED_SELECTOR = YES;
				GCC_WARN_UNINITIALIZED_AUTOS = YES_AGGRESSIVE;
				GCC_WARN_UNUSED_FUNCTION = YES;
				GCC_WARN_UNUSED_VARIABLE = YES;
				IPHONEOS_DEPLOYMENT_TARGET = 7.1;
				SDKROOT = iphoneos;
				TARGETED_DEVICE_FAMILY = "1,2";
				VALIDATE_PRODUCT = YES;
			};
			name = Release;
		};
		901600D519680C3900F1D6E6 /* Debug */ = {
			isa = XCBuildConfiguration;
			buildSettings = {
				ASSETCATALOG_COMPILER_APPICON_NAME = AppIcon;
				ASSETCATALOG_COMPILER_LAUNCHIMAGE_NAME = LaunchImage;
				GCC_PRECOMPILE_PREFIX_HEADER = YES;
				GCC_PREFIX_HEADER = "RGLogger/RGLogger-Prefix.pch";
				INFOPLIST_FILE = "RGLogger/RGLogger-Info.plist";
				PRODUCT_NAME = "$(TARGET_NAME)";
				WRAPPER_EXTENSION = app;
			};
			name = Debug;
		};
		901600D619680C3900F1D6E6 /* Release */ = {
			isa = XCBuildConfiguration;
			buildSettings = {
				ASSETCATALOG_COMPILER_APPICON_NAME = AppIcon;
				ASSETCATALOG_COMPILER_LAUNCHIMAGE_NAME = LaunchImage;
				GCC_PRECOMPILE_PREFIX_HEADER = YES;
				GCC_PREFIX_HEADER = "RGLogger/RGLogger-Prefix.pch";
				INFOPLIST_FILE = "RGLogger/RGLogger-Info.plist";
				PRODUCT_NAME = "$(TARGET_NAME)";
				WRAPPER_EXTENSION = app;
			};
			name = Release;
		};
		901600D819680C3900F1D6E6 /* Debug */ = {
			isa = XCBuildConfiguration;
			buildSettings = {
				BUNDLE_LOADER = "$(BUILT_PRODUCTS_DIR)/RGLogger.app/RGLogger";
				FRAMEWORK_SEARCH_PATHS = (
					"$(SDKROOT)/Developer/Library/Frameworks",
					"$(inherited)",
					"$(DEVELOPER_FRAMEWORKS_DIR)",
				);
				GCC_PRECOMPILE_PREFIX_HEADER = YES;
				GCC_PREFIX_HEADER = "RGLogger/RGLogger-Prefix.pch";
				GCC_PREPROCESSOR_DEFINITIONS = (
					"DEBUG=1",
					"$(inherited)",
				);
				INFOPLIST_FILE = "RGLoggerTests/RGLoggerTests-Info.plist";
				PRODUCT_NAME = "$(TARGET_NAME)";
				TEST_HOST = "$(BUNDLE_LOADER)";
				WRAPPER_EXTENSION = xctest;
			};
			name = Debug;
		};
		901600D919680C3900F1D6E6 /* Release */ = {
			isa = XCBuildConfiguration;
			buildSettings = {
				BUNDLE_LOADER = "$(BUILT_PRODUCTS_DIR)/RGLogger.app/RGLogger";
				FRAMEWORK_SEARCH_PATHS = (
					"$(SDKROOT)/Developer/Library/Frameworks",
					"$(inherited)",
					"$(DEVELOPER_FRAMEWORKS_DIR)",
				);
				GCC_PRECOMPILE_PREFIX_HEADER = YES;
				GCC_PREFIX_HEADER = "RGLogger/RGLogger-Prefix.pch";
				INFOPLIST_FILE = "RGLoggerTests/RGLoggerTests-Info.plist";
				PRODUCT_NAME = "$(TARGET_NAME)";
				TEST_HOST = "$(BUNDLE_LOADER)";
				WRAPPER_EXTENSION = xctest;
			};
			name = Release;
		};
/* End XCBuildConfiguration section */

/* Begin XCConfigurationList section */
		9016009A19680C3900F1D6E6 /* Build configuration list for PBXProject "RGLogger" */ = {
			isa = XCConfigurationList;
			buildConfigurations = (
				901600D219680C3900F1D6E6 /* Debug */,
				901600D319680C3900F1D6E6 /* Release */,
			);
			defaultConfigurationIsVisible = 0;
			defaultConfigurationName = Release;
		};
		901600D419680C3900F1D6E6 /* Build configuration list for PBXNativeTarget "RGLogger" */ = {
			isa = XCConfigurationList;
			buildConfigurations = (
				901600D519680C3900F1D6E6 /* Debug */,
				901600D619680C3900F1D6E6 /* Release */,
			);
			defaultConfigurationIsVisible = 0;
		};
		901600D719680C3900F1D6E6 /* Build configuration list for PBXNativeTarget "RGLoggerTests" */ = {
			isa = XCConfigurationList;
			buildConfigurations = (
				901600D819680C3900F1D6E6 /* Debug */,
				901600D919680C3900F1D6E6 /* Release */,
			);
			defaultConfigurationIsVisible = 0;
		};
/* End XCConfigurationList section */
	};
	rootObject = 9016009719680C3900F1D6E6 /* Project object */;
}
